
Microsoft Visual Studio Solution File, Format Version 12.00
# Visual Studio Version 17
VisualStudioVersion = 17.14.36221.1 d17.14
MinimumVisualStudioVersion = 10.0.40219.1
Project("{FAE04EC0-301F-11D3-BF4B-00C04F79EFBC}") = "App.API", "App.API\App.API.csproj", "{F1B5E3C1-3B4B-4209-83DF-65CC37D49537}"
EndProject
Project("{2150E333-8FDC-42A3-9474-1A3956D46DE8}") = "src", "src", "{02EA681E-C7D8-13C7-8484-4AC65E1B71E8}"
EndProject
Project("{2150E333-8FDC-42A3-9474-1A3956D46DE8}") = "Core", "Core", "{98964C0E-7F80-417F-A5D1-F356E3B4A7C1}"
EndProject
Project("{2150E333-8FDC-42A3-9474-1A3956D46DE8}") = "External", "External", "{5A5F4577-EFA9-46C8-9D26-1B8FD8EC2988}"
EndProject
Project("{FAE04EC0-301F-11D3-BF4B-00C04F79EFBC}") = "App.Application", "App.Application\App.Application.csproj", "{40D50A69-3456-404A-97D5-6AA3A5D00F2C}"
EndProject
Project("{FAE04EC0-301F-11D3-BF4B-00C04F79EFBC}") = "App.Domain", "App.Domain\App.Domain.csproj", "{1715FFDB-4B0F-444B-A5E8-B185BAB007D7}"
EndProject
Project("{FAE04EC0-301F-11D3-BF4B-00C04F79EFBC}") = "App.Infrastructure", "App.Infrastructure\App.Infrastructure.csproj", "{5C00C1CD-3333-431A-B1AD-707E67127A6C}"
EndProject
Project("{FAE04EC0-301F-11D3-BF4B-00C04F79EFBC}") = "App.Persistance", "App.Persistance\App.Persistance.csproj", "{E74B377D-6E0C-493D-B895-D7D33AACF4B8}"
EndProject
Project("{FAE04EC0-301F-11D3-BF4B-00C04F79EFBC}") = "App.Presentation", "App.Presentation\App.Presentation.csproj", "{6A75A123-2542-4C7E-BCF3-9509960EF420}"
EndProject
Global
	GlobalSection(SolutionConfigurationPlatforms) = preSolution
		Debug|Any CPU = Debug|Any CPU
		Release|Any CPU = Release|Any CPU
	EndGlobalSection
	GlobalSection(ProjectConfigurationPlatforms) = postSolution
		{F1B5E3C1-3B4B-4209-83DF-65CC37D49537}.Debug|Any CPU.ActiveCfg = Debug|Any CPU
		{F1B5E3C1-3B4B-4209-83DF-65CC37D49537}.Debug|Any CPU.Build.0 = Debug|Any CPU
		{F1B5E3C1-3B4B-4209-83DF-65CC37D49537}.Release|Any CPU.ActiveCfg = Release|Any CPU
		{F1B5E3C1-3B4B-4209-83DF-65CC37D49537}.Release|Any CPU.Build.0 = Release|Any CPU
		{40D50A69-3456-404A-97D5-6AA3A5D00F2C}.Debug|Any CPU.ActiveCfg = Debug|Any CPU
		{40D50A69-3456-404A-97D5-6AA3A5D00F2C}.Debug|Any CPU.Build.0 = Debug|Any CPU
		{40D50A69-3456-404A-97D5-6AA3A5D00F2C}.Release|Any CPU.ActiveCfg = Release|Any CPU
		{40D50A69-3456-404A-97D5-6AA3A5D00F2C}.Release|Any CPU.Build.0 = Release|Any CPU
		{1715FFDB-4B0F-444B-A5E8-B185BAB007D7}.Debug|Any CPU.ActiveCfg = Debug|Any CPU
		{1715FFDB-4B0F-444B-A5E8-B185BAB007D7}.Debug|Any CPU.Build.0 = Debug|Any CPU
		{1715FFDB-4B0F-444B-A5E8-B185BAB007D7}.Release|Any CPU.ActiveCfg = Release|Any CPU
		{1715FFDB-4B0F-444B-A5E8-B185BAB007D7}.Release|Any CPU.Build.0 = Release|Any CPU
		{5C00C1CD-3333-431A-B1AD-707E67127A6C}.Debug|Any CPU.ActiveCfg = Debug|Any CPU
		{5C00C1CD-3333-431A-B1AD-707E67127A6C}.Debug|Any CPU.Build.0 = Debug|Any CPU
		{5C00C1CD-3333-431A-B1AD-707E67127A6C}.Release|Any CPU.ActiveCfg = Release|Any CPU
		{5C00C1CD-3333-431A-B1AD-707E67127A6C}.Release|Any CPU.Build.0 = Release|Any CPU
		{E74B377D-6E0C-493D-B895-D7D33AACF4B8}.Debug|Any CPU.ActiveCfg = Debug|Any CPU
		{E74B377D-6E0C-493D-B895-D7D33AACF4B8}.Debug|Any CPU.Build.0 = Debug|Any CPU
		{E74B377D-6E0C-493D-B895-D7D33AACF4B8}.Release|Any CPU.ActiveCfg = Release|Any CPU
		{E74B377D-6E0C-493D-B895-D7D33AACF4B8}.Release|Any CPU.Build.0 = Release|Any CPU
		{6A75A123-2542-4C7E-BCF3-9509960EF420}.Debug|Any CPU.ActiveCfg = Debug|Any CPU
		{6A75A123-2542-4C7E-BCF3-9509960EF420}.Debug|Any CPU.Build.0 = Debug|Any CPU
		{6A75A123-2542-4C7E-BCF3-9509960EF420}.Release|Any CPU.ActiveCfg = Release|Any CPU
		{6A75A123-2542-4C7E-BCF3-9509960EF420}.Release|Any CPU.Build.0 = Release|Any CPU
	EndGlobalSection
	GlobalSection(SolutionProperties) = preSolution
		HideSolutionNode = FALSE
	EndGlobalSection
	GlobalSection(NestedProjects) = preSolution
		{98964C0E-7F80-417F-A5D1-F356E3B4A7C1} = {02EA681E-C7D8-13C7-8484-4AC65E1B71E8}
		{5A5F4577-EFA9-46C8-9D26-1B8FD8EC2988} = {02EA681E-C7D8-13C7-8484-4AC65E1B71E8}
		{40D50A69-3456-404A-97D5-6AA3A5D00F2C} = {98964C0E-7F80-417F-A5D1-F356E3B4A7C1}
		{1715FFDB-4B0F-444B-A5E8-B185BAB007D7} = {98964C0E-7F80-417F-A5D1-F356E3B4A7C1}
		{5C00C1CD-3333-431A-B1AD-707E67127A6C} = {5A5F4577-EFA9-46C8-9D26-1B8FD8EC2988}
		{E74B377D-6E0C-493D-B895-D7D33AACF4B8} = {5A5F4577-EFA9-46C8-9D26-1B8FD8EC2988}
		{6A75A123-2542-4C7E-BCF3-9509960EF420} = {5A5F4577-EFA9-46C8-9D26-1B8FD8EC2988}
	EndGlobalSection
	GlobalSection(ExtensibilityGlobals) = postSolution
		SolutionGuid = {C6B7481A-5588-44FF-8B07-BBCF6C8336B0}
	EndGlobalSection
EndGlobal
